
Microsoft Visual Studio Solution File, Format Version 12.00
Project("{FAE04EC0-301F-11D3-BF4B-00C04F79EFBC}") = "OnichanS debit card", "OnichanS debit card\OnichanS debit card.csproj", "{F274AB06-D3D9-4C60-913D-BB4D25EB7B6A}"
EndProject
Global
	GlobalSection(SolutionConfigurationPlatforms) = preSolution
		Debug|Any CPU = Debug|Any CPU
		Release|Any CPU = Release|Any CPU
	EndGlobalSection
	GlobalSection(ProjectConfigurationPlatforms) = postSolution
		{F274AB06-D3D9-4C60-913D-BB4D25EB7B6A}.Debug|Any CPU.ActiveCfg = Debug|Any CPU
		{F274AB06-D3D9-4C60-913D-BB4D25EB7B6A}.Debug|Any CPU.Build.0 = Debug|Any CPU
		{F274AB06-D3D9-4C60-913D-BB4D25EB7B6A}.Release|Any CPU.ActiveCfg = Release|Any CPU
		{F274AB06-D3D9-4C60-913D-BB4D25EB7B6A}.Release|Any CPU.Build.0 = Release|Any CPU
	EndGlobalSection
EndGlobal
